// !$*UTF8*$!
{
	archiveVersion = 1;
	classes = {
	};
	objectVersion = 56;
	objects = {

/* Begin PBXBuildFile section */
		5211C22D2B0584F30061565C /* AppDelegate.swift in Sources */ = {isa = PBXBuildFile; fileRef = 5211C22C2B0584F30061565C /* AppDelegate.swift */; };
		5211C22F2B0584F30061565C /* SceneDelegate.swift in Sources */ = {isa = PBXBuildFile; fileRef = 5211C22E2B0584F30061565C /* SceneDelegate.swift */; };
		5211C2362B0584F30061565C /* Assets.xcassets in Resources */ = {isa = PBXBuildFile; fileRef = 5211C2352B0584F30061565C /* Assets.xcassets */; };
		5211C2392B0584F30061565C /* LaunchScreen.storyboard in Resources */ = {isa = PBXBuildFile; fileRef = 5211C2372B0584F30061565C /* LaunchScreen.storyboard */; };
		5211C2422B0585B70061565C /* CoffeeView.swift in Sources */ = {isa = PBXBuildFile; fileRef = 5211C2412B0585B70061565C /* CoffeeView.swift */; };
		5211C2442B0585CA0061565C /* CoffeeInteractor.swift in Sources */ = {isa = PBXBuildFile; fileRef = 5211C2432B0585CA0061565C /* CoffeeInteractor.swift */; };
		5211C2462B0585D20061565C /* CoffeePresenter.swift in Sources */ = {isa = PBXBuildFile; fileRef = 5211C2452B0585D20061565C /* CoffeePresenter.swift */; };
		5211C2482B0585E70061565C /* CoffeeRouter.swift in Sources */ = {isa = PBXBuildFile; fileRef = 5211C2472B0585E70061565C /* CoffeeRouter.swift */; };
		524A9DF02B0589A6003B1096 /* endPoints.swift in Sources */ = {isa = PBXBuildFile; fileRef = 524A9DEF2B0589A6003B1096 /* endPoints.swift */; };
		524A9DF42B058C8F003B1096 /* coldCoffeeEntity.swift in Sources */ = {isa = PBXBuildFile; fileRef = 524A9DF32B058C8F003B1096 /* coldCoffeeEntity.swift */; };
		524A9DF62B058C9F003B1096 /* hotCoffeeEntity.swift in Sources */ = {isa = PBXBuildFile; fileRef = 524A9DF52B058C9F003B1096 /* hotCoffeeEntity.swift */; };
		524A9DF92B06619A003B1096 /* OnboardingView.swift in Sources */ = {isa = PBXBuildFile; fileRef = 524A9DF82B06619A003B1096 /* OnboardingView.swift */; };
		524A9DFB2B06B0D4003B1096 /* HotCoffeeView.swift in Sources */ = {isa = PBXBuildFile; fileRef = 524A9DFA2B06B0D4003B1096 /* HotCoffeeView.swift */; };
		524A9DFD2B06B0EF003B1096 /* IcedCoffeeView.swift in Sources */ = {isa = PBXBuildFile; fileRef = 524A9DFC2B06B0EF003B1096 /* IcedCoffeeView.swift */; };
		524A9DFF2B06B2E3003B1096 /* CustomTableViewCell.swift in Sources */ = {isa = PBXBuildFile; fileRef = 524A9DFE2B06B2E3003B1096 /* CustomTableViewCell.swift */; };
/* End PBXBuildFile section */

/* Begin PBXFileReference section */
		5211C2292B0584F30061565C /* MakeCoffeeApp.app */ = {isa = PBXFileReference; explicitFileType = wrapper.application; includeInIndex = 0; path = MakeCoffeeApp.app; sourceTree = BUILT_PRODUCTS_DIR; };
		5211C22C2B0584F30061565C /* AppDelegate.swift */ = {isa = PBXFileReference; lastKnownFileType = sourcecode.swift; path = AppDelegate.swift; sourceTree = "<group>"; };
		5211C22E2B0584F30061565C /* SceneDelegate.swift */ = {isa = PBXFileReference; lastKnownFileType = sourcecode.swift; path = SceneDelegate.swift; sourceTree = "<group>"; };
		5211C2352B0584F30061565C /* Assets.xcassets */ = {isa = PBXFileReference; lastKnownFileType = folder.assetcatalog; path = Assets.xcassets; sourceTree = "<group>"; };
		5211C2382B0584F30061565C /* Base */ = {isa = PBXFileReference; lastKnownFileType = file.storyboard; name = Base; path = Base.lproj/LaunchScreen.storyboard; sourceTree = "<group>"; };
		5211C23A2B0584F30061565C /* Info.plist */ = {isa = PBXFileReference; lastKnownFileType = text.plist.xml; path = Info.plist; sourceTree = "<group>"; };
		5211C2412B0585B70061565C /* CoffeeView.swift */ = {isa = PBXFileReference; lastKnownFileType = sourcecode.swift; path = CoffeeView.swift; sourceTree = "<group>"; };
		5211C2432B0585CA0061565C /* CoffeeInteractor.swift */ = {isa = PBXFileReference; lastKnownFileType = sourcecode.swift; path = CoffeeInteractor.swift; sourceTree = "<group>"; };
		5211C2452B0585D20061565C /* CoffeePresenter.swift */ = {isa = PBXFileReference; lastKnownFileType = sourcecode.swift; path = CoffeePresenter.swift; sourceTree = "<group>"; };
		5211C2472B0585E70061565C /* CoffeeRouter.swift */ = {isa = PBXFileReference; lastKnownFileType = sourcecode.swift; path = CoffeeRouter.swift; sourceTree = "<group>"; };
		524A9DEF2B0589A6003B1096 /* endPoints.swift */ = {isa = PBXFileReference; lastKnownFileType = sourcecode.swift; path = endPoints.swift; sourceTree = "<group>"; };
		524A9DF32B058C8F003B1096 /* coldCoffeeEntity.swift */ = {isa = PBXFileReference; lastKnownFileType = sourcecode.swift; path = coldCoffeeEntity.swift; sourceTree = "<group>"; };
		524A9DF52B058C9F003B1096 /* hotCoffeeEntity.swift */ = {isa = PBXFileReference; lastKnownFileType = sourcecode.swift; path = hotCoffeeEntity.swift; sourceTree = "<group>"; };
		524A9DF82B06619A003B1096 /* OnboardingView.swift */ = {isa = PBXFileReference; lastKnownFileType = sourcecode.swift; path = OnboardingView.swift; sourceTree = "<group>"; };
		524A9DFA2B06B0D4003B1096 /* HotCoffeeView.swift */ = {isa = PBXFileReference; lastKnownFileType = sourcecode.swift; path = HotCoffeeView.swift; sourceTree = "<group>"; };
		524A9DFC2B06B0EF003B1096 /* IcedCoffeeView.swift */ = {isa = PBXFileReference; lastKnownFileType = sourcecode.swift; path = IcedCoffeeView.swift; sourceTree = "<group>"; };
		524A9DFE2B06B2E3003B1096 /* CustomTableViewCell.swift */ = {isa = PBXFileReference; lastKnownFileType = sourcecode.swift; path = CustomTableViewCell.swift; sourceTree = "<group>"; };
/* End PBXFileReference section */

/* Begin PBXFrameworksBuildPhase section */
		5211C2262B0584F30061565C /* Frameworks */ = {
			isa = PBXFrameworksBuildPhase;
			buildActionMask = 2147483647;
			files = (
			);
			runOnlyForDeploymentPostprocessing = 0;
		};
/* End PBXFrameworksBuildPhase section */

/* Begin PBXGroup section */
		5211C2202B0584F30061565C = {
			isa = PBXGroup;
			children = (
				5211C22B2B0584F30061565C /* MakeCoffeeApp */,
				5211C22A2B0584F30061565C /* Products */,
			);
			sourceTree = "<group>";
		};
		5211C22A2B0584F30061565C /* Products */ = {
			isa = PBXGroup;
			children = (
				5211C2292B0584F30061565C /* MakeCoffeeApp.app */,
			);
			name = Products;
			sourceTree = "<group>";
		};
		5211C22B2B0584F30061565C /* MakeCoffeeApp */ = {
			isa = PBXGroup;
			children = (
				524A9DF72B0655DD003B1096 /* views */,
				5211C2402B05857F0061565C /* Service */,
				5211C22C2B0584F30061565C /* AppDelegate.swift */,
				5211C22E2B0584F30061565C /* SceneDelegate.swift */,
				5211C2352B0584F30061565C /* Assets.xcassets */,
				5211C2372B0584F30061565C /* LaunchScreen.storyboard */,
				5211C23A2B0584F30061565C /* Info.plist */,
				5211C2452B0585D20061565C /* CoffeePresenter.swift */,
				5211C2472B0585E70061565C /* CoffeeRouter.swift */,
				524A9DF32B058C8F003B1096 /* coldCoffeeEntity.swift */,
				524A9DF52B058C9F003B1096 /* hotCoffeeEntity.swift */,
			);
			path = MakeCoffeeApp;
			sourceTree = "<group>";
		};
		5211C2402B05857F0061565C /* Service */ = {
			isa = PBXGroup;
			children = (
				5211C2432B0585CA0061565C /* CoffeeInteractor.swift */,
				524A9DEF2B0589A6003B1096 /* endPoints.swift */,
			);
			path = Service;
			sourceTree = "<group>";
		};
		524A9DF72B0655DD003B1096 /* views */ = {
			isa = PBXGroup;
			children = (
				5211C2412B0585B70061565C /* CoffeeView.swift */,
				524A9DF82B06619A003B1096 /* OnboardingView.swift */,
				524A9DFA2B06B0D4003B1096 /* HotCoffeeView.swift */,
				524A9DFC2B06B0EF003B1096 /* IcedCoffeeView.swift */,
				524A9DFE2B06B2E3003B1096 /* CustomTableViewCell.swift */,
			);
			path = views;
			sourceTree = "<group>";
		};
/* End PBXGroup section */

/* Begin PBXNativeTarget section */
		5211C2282B0584F30061565C /* MakeCoffeeApp */ = {
			isa = PBXNativeTarget;
			buildConfigurationList = 5211C23D2B0584F30061565C /* Build configuration list for PBXNativeTarget "MakeCoffeeApp" */;
			buildPhases = (
				5211C2252B0584F30061565C /* Sources */,
				5211C2262B0584F30061565C /* Frameworks */,
				5211C2272B0584F30061565C /* Resources */,
			);
			buildRules = (
			);
			dependencies = (
			);
			name = MakeCoffeeApp;
			productName = MakeCoffeeApp;
			productReference = 5211C2292B0584F30061565C /* MakeCoffeeApp.app */;
			productType = "com.apple.product-type.application";
		};
/* End PBXNativeTarget section */

/* Begin PBXProject section */
		5211C2212B0584F30061565C /* Project object */ = {
			isa = PBXProject;
			attributes = {
				BuildIndependentTargetsInParallel = 1;
				LastSwiftUpdateCheck = 1500;
				LastUpgradeCheck = 1500;
				TargetAttributes = {
					5211C2282B0584F30061565C = {
						CreatedOnToolsVersion = 15.0.1;
					};
				};
			};
			buildConfigurationList = 5211C2242B0584F30061565C /* Build configuration list for PBXProject "MakeCoffeeApp" */;
			compatibilityVersion = "Xcode 14.0";
			developmentRegion = en;
			hasScannedForEncodings = 0;
			knownRegions = (
				en,
				Base,
			);
			mainGroup = 5211C2202B0584F30061565C;
			productRefGroup = 5211C22A2B0584F30061565C /* Products */;
			projectDirPath = "";
			projectRoot = "";
			targets = (
				5211C2282B0584F30061565C /* MakeCoffeeApp */,
			);
		};
/* End PBXProject section */

/* Begin PBXResourcesBuildPhase section */
		5211C2272B0584F30061565C /* Resources */ = {
			isa = PBXResourcesBuildPhase;
			buildActionMask = 2147483647;
			files = (
				5211C2392B0584F30061565C /* LaunchScreen.storyboard in Resources */,
				5211C2362B0584F30061565C /* Assets.xcassets in Resources */,
			);
			runOnlyForDeploymentPostprocessing = 0;
		};
/* End PBXResourcesBuildPhase section */

/* Begin PBXSourcesBuildPhase section */
		5211C2252B0584F30061565C /* Sources */ = {
			isa = PBXSourcesBuildPhase;
			buildActionMask = 2147483647;
			files = (
				5211C22D2B0584F30061565C /* AppDelegate.swift in Sources */,
				5211C2462B0585D20061565C /* CoffeePresenter.swift in Sources */,
				5211C2442B0585CA0061565C /* CoffeeInteractor.swift in Sources */,
				524A9DF92B06619A003B1096 /* OnboardingView.swift in Sources */,
				5211C2482B0585E70061565C /* CoffeeRouter.swift in Sources */,
				524A9DF02B0589A6003B1096 /* endPoints.swift in Sources */,
				524A9DF62B058C9F003B1096 /* hotCoffeeEntity.swift in Sources */,
				524A9DFD2B06B0EF003B1096 /* IcedCoffeeView.swift in Sources */,
				5211C2422B0585B70061565C /* CoffeeView.swift in Sources */,
				524A9DFB2B06B0D4003B1096 /* HotCoffeeView.swift in Sources */,
				524A9DF42B058C8F003B1096 /* coldCoffeeEntity.swift in Sources */,
				5211C22F2B0584F30061565C /* SceneDelegate.swift in Sources */,
				524A9DFF2B06B2E3003B1096 /* CustomTableViewCell.swift in Sources */,
			);
			runOnlyForDeploymentPostprocessing = 0;
		};
/* End PBXSourcesBuildPhase section */

/* Begin PBXVariantGroup section */
		5211C2372B0584F30061565C /* LaunchScreen.storyboard */ = {
			isa = PBXVariantGroup;
			children = (
				5211C2382B0584F30061565C /* Base */,
			);
			name = LaunchScreen.storyboard;
			sourceTree = "<group>";
		};
/* End PBXVariantGroup section */

/* Begin XCBuildConfiguration section */
		5211C23B2B0584F30061565C /* Debug */ = {
			isa = XCBuildConfiguration;
			buildSettings = {
				ALWAYS_SEARCH_USER_PATHS = NO;
				ASSETCATALOG_COMPILER_GENERATE_SWIFT_ASSET_SYMBOL_EXTENSIONS = YES;
				CLANG_ANALYZER_NONNULL = YES;
				CLANG_ANALYZER_NUMBER_OBJECT_CONVERSION = YES_AGGRESSIVE;
				CLANG_CXX_LANGUAGE_STANDARD = "gnu++20";
				CLANG_ENABLE_MODULES = YES;
				CLANG_ENABLE_OBJC_ARC = YES;
				CLANG_ENABLE_OBJC_WEAK = YES;
				CLANG_WARN_BLOCK_CAPTURE_AUTORELEASING = YES;
				CLANG_WARN_BOOL_CONVERSION = YES;
				CLANG_WARN_COMMA = YES;
				CLANG_WARN_CONSTANT_CONVERSION = YES;
				CLANG_WARN_DEPRECATED_OBJC_IMPLEMENTATIONS = YES;
				CLANG_WARN_DIRECT_OBJC_ISA_USAGE = YES_ERROR;
				CLANG_WARN_DOCUMENTATION_COMMENTS = YES;
				CLANG_WARN_EMPTY_BODY = YES;
				CLANG_WARN_ENUM_CONVERSION = YES;
				CLANG_WARN_INFINITE_RECURSION = YES;
				CLANG_WARN_INT_CONVERSION = YES;
				CLANG_WARN_NON_LITERAL_NULL_CONVERSION = YES;
				CLANG_WARN_OBJC_IMPLICIT_RETAIN_SELF = YES;
				CLANG_WARN_OBJC_LITERAL_CONVERSION = YES;
				CLANG_WARN_OBJC_ROOT_CLASS = YES_ERROR;
				CLANG_WARN_QUOTED_INCLUDE_IN_FRAMEWORK_HEADER = YES;
				CLANG_WARN_RANGE_LOOP_ANALYSIS = YES;
				CLANG_WARN_STRICT_PROTOTYPES = YES;
				CLANG_WARN_SUSPICIOUS_MOVE = YES;
				CLANG_WARN_UNGUARDED_AVAILABILITY = YES_AGGRESSIVE;
				CLANG_WARN_UNREACHABLE_CODE = YES;
				CLANG_WARN__DUPLICATE_METHOD_MATCH = YES;
				COPY_PHASE_STRIP = NO;
				DEBUG_INFORMATION_FORMAT = dwarf;
				ENABLE_STRICT_OBJC_MSGSEND = YES;
				ENABLE_TESTABILITY = YES;
				ENABLE_USER_SCRIPT_SANDBOXING = YES;
				GCC_C_LANGUAGE_STANDARD = gnu17;
				GCC_DYNAMIC_NO_PIC = NO;
				GCC_NO_COMMON_BLOCKS = YES;
				GCC_OPTIMIZATION_LEVEL = 0;
				GCC_PREPROCESSOR_DEFINITIONS = (
					"DEBUG=1",
					"$(inherited)",
				);
				GCC_WARN_64_TO_32_BIT_CONVERSION = YES;
				GCC_WARN_ABOUT_RETURN_TYPE = YES_ERROR;
				GCC_WARN_UNDECLARED_SELECTOR = YES;
				GCC_WARN_UNINITIALIZED_AUTOS = YES_AGGRESSIVE;
				GCC_WARN_UNUSED_FUNCTION = YES;
				GCC_WARN_UNUSED_VARIABLE = YES;
				IPHONEOS_DEPLOYMENT_TARGET = 17.0;
				LOCALIZATION_PREFERS_STRING_CATALOGS = YES;
				MTL_ENABLE_DEBUG_INFO = INCLUDE_SOURCE;
				MTL_FAST_MATH = YES;
				ONLY_ACTIVE_ARCH = YES;
				SDKROOT = iphoneos;
				SWIFT_ACTIVE_COMPILATION_CONDITIONS = "DEBUG $(inherited)";
				SWIFT_OPTIMIZATION_LEVEL = "-Onone";
			};
			name = Debug;
		};
		5211C23C2B0584F30061565C /* Release */ = {
			isa = XCBuildConfiguration;
			buildSettings = {
				ALWAYS_SEARCH_USER_PATHS = NO;
				ASSETCATALOG_COMPILER_GENERATE_SWIFT_ASSET_SYMBOL_EXTENSIONS = YES;
				CLANG_ANALYZER_NONNULL = YES;
				CLANG_ANALYZER_NUMBER_OBJECT_CONVERSION = YES_AGGRESSIVE;
				CLANG_CXX_LANGUAGE_STANDARD = "gnu++20";
				CLANG_ENABLE_MODULES = YES;
				CLANG_ENABLE_OBJC_ARC = YES;
				CLANG_ENABLE_OBJC_WEAK = YES;
				CLANG_WARN_BLOCK_CAPTURE_AUTORELEASING = YES;
				CLANG_WARN_BOOL_CONVERSION = YES;
				CLANG_WARN_COMMA = YES;
				CLANG_WARN_CONSTANT_CONVERSION = YES;
				CLANG_WARN_DEPRECATED_OBJC_IMPLEMENTATIONS = YES;
				CLANG_WARN_DIRECT_OBJC_ISA_USAGE = YES_ERROR;
				CLANG_WARN_DOCUMENTATION_COMMENTS = YES;
				CLANG_WARN_EMPTY_BODY = YES;
				CLANG_WARN_ENUM_CONVERSION = YES;
				CLANG_WARN_INFINITE_RECURSION = YES;
				CLANG_WARN_INT_CONVERSION = YES;
				CLANG_WARN_NON_LITERAL_NULL_CONVERSION = YES;
				CLANG_WARN_OBJC_IMPLICIT_RETAIN_SELF = YES;
				CLANG_WARN_OBJC_LITERAL_CONVERSION = YES;
				CLANG_WARN_OBJC_ROOT_CLASS = YES_ERROR;
				CLANG_WARN_QUOTED_INCLUDE_IN_FRAMEWORK_HEADER = YES;
				CLANG_WARN_RANGE_LOOP_ANALYSIS = YES;
				CLANG_WARN_STRICT_PROTOTYPES = YES;
				CLANG_WARN_SUSPICIOUS_MOVE = YES;
				CLANG_WARN_UNGUARDED_AVAILABILITY = YES_AGGRESSIVE;
				CLANG_WARN_UNREACHABLE_CODE = YES;
				CLANG_WARN__DUPLICATE_METHOD_MATCH = YES;
				COPY_PHASE_STRIP = NO;
				DEBUG_INFORMATION_FORMAT = "dwarf-with-dsym";
				ENABLE_NS_ASSERTIONS = NO;
				ENABLE_STRICT_OBJC_MSGSEND = YES;
				ENABLE_USER_SCRIPT_SANDBOXING = YES;
				GCC_C_LANGUAGE_STANDARD = gnu17;
				GCC_NO_COMMON_BLOCKS = YES;
				GCC_WARN_64_TO_32_BIT_CONVERSION = YES;
				GCC_WARN_ABOUT_RETURN_TYPE = YES_ERROR;
				GCC_WARN_UNDECLARED_SELECTOR = YES;
				GCC_WARN_UNINITIALIZED_AUTOS = YES_AGGRESSIVE;
				GCC_WARN_UNUSED_FUNCTION = YES;
				GCC_WARN_UNUSED_VARIABLE = YES;
				IPHONEOS_DEPLOYMENT_TARGET = 17.0;
				LOCALIZATION_PREFERS_STRING_CATALOGS = YES;
				MTL_ENABLE_DEBUG_INFO = NO;
				MTL_FAST_MATH = YES;
				SDKROOT = iphoneos;
				SWIFT_COMPILATION_MODE = wholemodule;
				VALIDATE_PRODUCT = YES;
			};
			name = Release;
		};
		5211C23E2B0584F30061565C /* Debug */ = {
			isa = XCBuildConfiguration;
			buildSettings = {
				ASSETCATALOG_COMPILER_APPICON_NAME = AppIcon;
				ASSETCATALOG_COMPILER_GLOBAL_ACCENT_COLOR_NAME = AccentColor;
				CODE_SIGN_STYLE = Automatic;
				CURRENT_PROJECT_VERSION = 1;
				DEVELOPMENT_TEAM = 2758CUH3C2;
				GENERATE_INFOPLIST_FILE = YES;
				INFOPLIST_FILE = MakeCoffeeApp/Info.plist;
				INFOPLIST_KEY_UIApplicationSupportsIndirectInputEvents = YES;
				INFOPLIST_KEY_UILaunchStoryboardName = LaunchScreen;
				INFOPLIST_KEY_UISupportedInterfaceOrientations_iPad = "UIInterfaceOrientationPortrait UIInterfaceOrientationPortraitUpsideDown UIInterfaceOrientationLandscapeLeft UIInterfaceOrientationLandscapeRight";
				INFOPLIST_KEY_UISupportedInterfaceOrientations_iPhone = "UIInterfaceOrientationPortrait UIInterfaceOrientationLandscapeLeft UIInterfaceOrientationLandscapeRight";
				LD_RUNPATH_SEARCH_PATHS = (
					"$(inherited)",
					"@executable_path/Frameworks",
				);
				MARKETING_VERSION = 1.0;
				PRODUCT_BUNDLE_IDENTIFIER = com.ulasozturk.MakeCoffeeApp;
				PRODUCT_NAME = "$(TARGET_NAME)";
				SWIFT_EMIT_LOC_STRINGS = YES;
				SWIFT_VERSION = 5.0;
				TARGETED_DEVICE_FAMILY = "1,2";
			};
			name = Debug;
		};
		5211C23F2B0584F30061565C /* Release */ = {
			isa = XCBuildConfiguration;
			buildSettings = {
				ASSETCATALOG_COMPILER_APPICON_NAME = AppIcon;
				ASSETCATALOG_COMPILER_GLOBAL_ACCENT_COLOR_NAME = AccentColor;
				CODE_SIGN_STYLE = Automatic;
				CURRENT_PROJECT_VERSION = 1;
				DEVELOPMENT_TEAM = 2758CUH3C2;
				GENERATE_INFOPLIST_FILE = YES;
				INFOPLIST_FILE = MakeCoffeeApp/Info.plist;
				INFOPLIST_KEY_UIApplicationSupportsIndirectInputEvents = YES;
				INFOPLIST_KEY_UILaunchStoryboardName = LaunchScreen;
				INFOPLIST_KEY_UISupportedInterfaceOrientations_iPad = "UIInterfaceOrientationPortrait UIInterfaceOrientationPortraitUpsideDown UIInterfaceOrientationLandscapeLeft UIInterfaceOrientationLandscapeRight";
				INFOPLIST_KEY_UISupportedInterfaceOrientations_iPhone = "UIInterfaceOrientationPortrait UIInterfaceOrientationLandscapeLeft UIInterfaceOrientationLandscapeRight";
				LD_RUNPATH_SEARCH_PATHS = (
					"$(inherited)",
					"@executable_path/Frameworks",
				);
				MARKETING_VERSION = 1.0;
				PRODUCT_BUNDLE_IDENTIFIER = com.ulasozturk.MakeCoffeeApp;
				PRODUCT_NAME = "$(TARGET_NAME)";
				SWIFT_EMIT_LOC_STRINGS = YES;
				SWIFT_VERSION = 5.0;
				TARGETED_DEVICE_FAMILY = "1,2";
			};
			name = Release;
		};
/* End XCBuildConfiguration section */

/* Begin XCConfigurationList section */
		5211C2242B0584F30061565C /* Build configuration list for PBXProject "MakeCoffeeApp" */ = {
			isa = XCConfigurationList;
			buildConfigurations = (
				5211C23B2B0584F30061565C /* Debug */,
				5211C23C2B0584F30061565C /* Release */,
			);
			defaultConfigurationIsVisible = 0;
			defaultConfigurationName = Release;
		};
		5211C23D2B0584F30061565C /* Build configuration list for PBXNativeTarget "MakeCoffeeApp" */ = {
			isa = XCConfigurationList;
			buildConfigurations = (
				5211C23E2B0584F30061565C /* Debug */,
				5211C23F2B0584F30061565C /* Release */,
			);
			defaultConfigurationIsVisible = 0;
			defaultConfigurationName = Release;
		};
/* End XCConfigurationList section */
	};
	rootObject = 5211C2212B0584F30061565C /* Project object */;
}
